// !$*UTF8*$!
{
	archiveVersion = 1;
	classes = {
	};
	objectVersion = 51;
	objects = {

/* Begin PBXBuildFile section */
		1ADD896AB44CA84B9539FB2B /* Pods_WikiSearch.framework in Frameworks */ = {isa = PBXBuildFile; fileRef = 0867D0B06F4F3E269A5740C7 /* Pods_WikiSearch.framework */; };
		DA2010FB241BF96700EBCC35 /* BaseSearchModel.swift in Sources */ = {isa = PBXBuildFile; fileRef = DA2010FA241BF96700EBCC35 /* BaseSearchModel.swift */; };
		DA298C84241B89F2001E4679 /* APIClient.swift in Sources */ = {isa = PBXBuildFile; fileRef = DA298C83241B89F2001E4679 /* APIClient.swift */; };
		DA3F7440241B758A0096C9EE /* WikiTableViewCell.swift in Sources */ = {isa = PBXBuildFile; fileRef = DA3F743F241B758A0096C9EE /* WikiTableViewCell.swift */; };
		DA5A0CC0241E3BC10010DBE3 /* UITableView+Extension.swift in Sources */ = {isa = PBXBuildFile; fileRef = DA5A0CBF241E3BC10010DBE3 /* UITableView+Extension.swift */; };
		DA5A0CC6241E47E30010DBE3 /* RealmManager.swift in Sources */ = {isa = PBXBuildFile; fileRef = DA5A0CC5241E47E30010DBE3 /* RealmManager.swift */; };
		DA91C829241E923300899C0A /* Constants.swift in Sources */ = {isa = PBXBuildFile; fileRef = DA91C828241E923300899C0A /* Constants.swift */; };
		DAA889D7241D661100FACEE5 /* UIImageVIew+Extension.swift in Sources */ = {isa = PBXBuildFile; fileRef = DAA889D6241D661100FACEE5 /* UIImageVIew+Extension.swift */; };
		DAB8CF59241C0C3B00BAC37E /* SearchResultModel.swift in Sources */ = {isa = PBXBuildFile; fileRef = DAB8CF58241C0C3B00BAC37E /* SearchResultModel.swift */; };
		DACE7188241D750F00B7BDB1 /* PageDetailModel.swift in Sources */ = {isa = PBXBuildFile; fileRef = DACE7187241D750F00B7BDB1 /* PageDetailModel.swift */; };
		DAD3D430241AD2EE008ED5BB /* AppDelegate.swift in Sources */ = {isa = PBXBuildFile; fileRef = DAD3D42F241AD2EE008ED5BB /* AppDelegate.swift */; };
		DAD3D432241AD2EE008ED5BB /* SceneDelegate.swift in Sources */ = {isa = PBXBuildFile; fileRef = DAD3D431241AD2EE008ED5BB /* SceneDelegate.swift */; };
		DAD3D434241AD2EE008ED5BB /* WikiSearchViewController.swift in Sources */ = {isa = PBXBuildFile; fileRef = DAD3D433241AD2EE008ED5BB /* WikiSearchViewController.swift */; };
		DAD3D437241AD2EE008ED5BB /* Main.storyboard in Resources */ = {isa = PBXBuildFile; fileRef = DAD3D435241AD2EE008ED5BB /* Main.storyboard */; };
		DAD3D439241AD2F1008ED5BB /* Assets.xcassets in Resources */ = {isa = PBXBuildFile; fileRef = DAD3D438241AD2F1008ED5BB /* Assets.xcassets */; };
		DAD3D43C241AD2F1008ED5BB /* LaunchScreen.storyboard in Resources */ = {isa = PBXBuildFile; fileRef = DAD3D43A241AD2F1008ED5BB /* LaunchScreen.storyboard */; };
/* End PBXBuildFile section */

/* Begin PBXFileReference section */
		01D6EE6255BC869667E47941 /* Pods-WikiSearch.release.xcconfig */ = {isa = PBXFileReference; includeInIndex = 1; lastKnownFileType = text.xcconfig; name = "Pods-WikiSearch.release.xcconfig"; path = "Target Support Files/Pods-WikiSearch/Pods-WikiSearch.release.xcconfig"; sourceTree = "<group>"; };
		0867D0B06F4F3E269A5740C7 /* Pods_WikiSearch.framework */ = {isa = PBXFileReference; explicitFileType = wrapper.framework; includeInIndex = 0; path = Pods_WikiSearch.framework; sourceTree = BUILT_PRODUCTS_DIR; };
		B8F311F82FFFE68519DDDD01 /* Pods-WikiSearch.debug.xcconfig */ = {isa = PBXFileReference; includeInIndex = 1; lastKnownFileType = text.xcconfig; name = "Pods-WikiSearch.debug.xcconfig"; path = "Target Support Files/Pods-WikiSearch/Pods-WikiSearch.debug.xcconfig"; sourceTree = "<group>"; };
		DA2010FA241BF96700EBCC35 /* BaseSearchModel.swift */ = {isa = PBXFileReference; lastKnownFileType = sourcecode.swift; path = BaseSearchModel.swift; sourceTree = "<group>"; };
		DA298C83241B89F2001E4679 /* APIClient.swift */ = {isa = PBXFileReference; lastKnownFileType = sourcecode.swift; path = APIClient.swift; sourceTree = "<group>"; };
		DA3F743F241B758A0096C9EE /* WikiTableViewCell.swift */ = {isa = PBXFileReference; lastKnownFileType = sourcecode.swift; path = WikiTableViewCell.swift; sourceTree = "<group>"; };
		DA5A0CBF241E3BC10010DBE3 /* UITableView+Extension.swift */ = {isa = PBXFileReference; lastKnownFileType = sourcecode.swift; path = "UITableView+Extension.swift"; sourceTree = "<group>"; };
		DA5A0CC5241E47E30010DBE3 /* RealmManager.swift */ = {isa = PBXFileReference; lastKnownFileType = sourcecode.swift; path = RealmManager.swift; sourceTree = "<group>"; };
		DA91C828241E923300899C0A /* Constants.swift */ = {isa = PBXFileReference; lastKnownFileType = sourcecode.swift; path = Constants.swift; sourceTree = "<group>"; };
		DAA889D6241D661100FACEE5 /* UIImageVIew+Extension.swift */ = {isa = PBXFileReference; lastKnownFileType = sourcecode.swift; path = "UIImageVIew+Extension.swift"; sourceTree = "<group>"; };
		DAB8CF58241C0C3B00BAC37E /* SearchResultModel.swift */ = {isa = PBXFileReference; lastKnownFileType = sourcecode.swift; path = SearchResultModel.swift; sourceTree = "<group>"; };
		DACE7187241D750F00B7BDB1 /* PageDetailModel.swift */ = {isa = PBXFileReference; lastKnownFileType = sourcecode.swift; path = PageDetailModel.swift; sourceTree = "<group>"; };
		DAD3D42C241AD2EE008ED5BB /* WikiSearch.app */ = {isa = PBXFileReference; explicitFileType = wrapper.application; includeInIndex = 0; path = WikiSearch.app; sourceTree = BUILT_PRODUCTS_DIR; };
		DAD3D42F241AD2EE008ED5BB /* AppDelegate.swift */ = {isa = PBXFileReference; lastKnownFileType = sourcecode.swift; path = AppDelegate.swift; sourceTree = "<group>"; };
		DAD3D431241AD2EE008ED5BB /* SceneDelegate.swift */ = {isa = PBXFileReference; lastKnownFileType = sourcecode.swift; path = SceneDelegate.swift; sourceTree = "<group>"; };
		DAD3D433241AD2EE008ED5BB /* WikiSearchViewController.swift */ = {isa = PBXFileReference; lastKnownFileType = sourcecode.swift; path = WikiSearchViewController.swift; sourceTree = "<group>"; };
		DAD3D436241AD2EE008ED5BB /* Base */ = {isa = PBXFileReference; lastKnownFileType = file.storyboard; name = Base; path = Base.lproj/Main.storyboard; sourceTree = "<group>"; };
		DAD3D438241AD2F1008ED5BB /* Assets.xcassets */ = {isa = PBXFileReference; lastKnownFileType = folder.assetcatalog; path = Assets.xcassets; sourceTree = "<group>"; };
		DAD3D43B241AD2F1008ED5BB /* Base */ = {isa = PBXFileReference; lastKnownFileType = file.storyboard; name = Base; path = Base.lproj/LaunchScreen.storyboard; sourceTree = "<group>"; };
		DAD3D43D241AD2F1008ED5BB /* Info.plist */ = {isa = PBXFileReference; lastKnownFileType = text.plist.xml; path = Info.plist; sourceTree = "<group>"; };
/* End PBXFileReference section */

/* Begin PBXFrameworksBuildPhase section */
		DAD3D429241AD2EE008ED5BB /* Frameworks */ = {
			isa = PBXFrameworksBuildPhase;
			buildActionMask = 2147483647;
			files = (
				1ADD896AB44CA84B9539FB2B /* Pods_WikiSearch.framework in Frameworks */,
			);
			runOnlyForDeploymentPostprocessing = 0;
		};
/* End PBXFrameworksBuildPhase section */

/* Begin PBXGroup section */
		480828936A1BAE6C86F17099 /* Pods */ = {
			isa = PBXGroup;
			children = (
				B8F311F82FFFE68519DDDD01 /* Pods-WikiSearch.debug.xcconfig */,
				01D6EE6255BC869667E47941 /* Pods-WikiSearch.release.xcconfig */,
			);
			path = Pods;
			sourceTree = "<group>";
		};
		68BDF574D03CE756746EB93D /* Frameworks */ = {
			isa = PBXGroup;
			children = (
				0867D0B06F4F3E269A5740C7 /* Pods_WikiSearch.framework */,
			);
			name = Frameworks;
			sourceTree = "<group>";
		};
		DA5A0CBE241E3B9B0010DBE3 /* ViewController */ = {
			isa = PBXGroup;
			children = (
				DAD3D433241AD2EE008ED5BB /* WikiSearchViewController.swift */,
			);
			path = ViewController;
			sourceTree = "<group>";
		};
		DA5A0CC1241E3C0A0010DBE3 /* Extensions */ = {
			isa = PBXGroup;
			children = (
				DAA889D6241D661100FACEE5 /* UIImageVIew+Extension.swift */,
				DA5A0CBF241E3BC10010DBE3 /* UITableView+Extension.swift */,
			);
			path = Extensions;
			sourceTree = "<group>";
		};
		DA5A0CC2241E3FEE0010DBE3 /* Models */ = {
			isa = PBXGroup;
			children = (
				DA2010FA241BF96700EBCC35 /* BaseSearchModel.swift */,
				DACE7187241D750F00B7BDB1 /* PageDetailModel.swift */,
				DA5A0CC3241E3FF50010DBE3 /* Realm Model */,
			);
			path = Models;
			sourceTree = "<group>";
		};
		DA5A0CC3241E3FF50010DBE3 /* Realm Model */ = {
			isa = PBXGroup;
			children = (
				DAB8CF58241C0C3B00BAC37E /* SearchResultModel.swift */,
			);
			path = "Realm Model";
			sourceTree = "<group>";
		};
		DA5A0CC4241E41440010DBE3 /* View */ = {
			isa = PBXGroup;
			children = (
				DA3F743F241B758A0096C9EE /* WikiTableViewCell.swift */,
			);
			path = View;
			sourceTree = "<group>";
		};
		DA5A0CC7241E48860010DBE3 /* Helper */ = {
			isa = PBXGroup;
			children = (
				DA298C83241B89F2001E4679 /* APIClient.swift */,
				DA5A0CC5241E47E30010DBE3 /* RealmManager.swift */,
			);
			path = Helper;
			sourceTree = "<group>";
		};
		DAD3D423241AD2EE008ED5BB = {
			isa = PBXGroup;
			children = (
				DAD3D42E241AD2EE008ED5BB /* WikiSearch */,
				DAD3D42D241AD2EE008ED5BB /* Products */,
				480828936A1BAE6C86F17099 /* Pods */,
				68BDF574D03CE756746EB93D /* Frameworks */,
			);
			sourceTree = "<group>";
		};
		DAD3D42D241AD2EE008ED5BB /* Products */ = {
			isa = PBXGroup;
			children = (
				DAD3D42C241AD2EE008ED5BB /* WikiSearch.app */,
			);
			name = Products;
			sourceTree = "<group>";
		};
		DAD3D42E241AD2EE008ED5BB /* WikiSearch */ = {
			isa = PBXGroup;
			children = (
				DA5A0CC7241E48860010DBE3 /* Helper */,
				DA5A0CC4241E41440010DBE3 /* View */,
				DA5A0CC2241E3FEE0010DBE3 /* Models */,
				DA5A0CC1241E3C0A0010DBE3 /* Extensions */,
				DA5A0CBE241E3B9B0010DBE3 /* ViewController */,
				DAD3D42F241AD2EE008ED5BB /* AppDelegate.swift */,
				DAD3D431241AD2EE008ED5BB /* SceneDelegate.swift */,
				DAD3D435241AD2EE008ED5BB /* Main.storyboard */,
				DAD3D438241AD2F1008ED5BB /* Assets.xcassets */,
				DAD3D43A241AD2F1008ED5BB /* LaunchScreen.storyboard */,
				DAD3D43D241AD2F1008ED5BB /* Info.plist */,
				DA91C828241E923300899C0A /* Constants.swift */,
			);
			path = WikiSearch;
			sourceTree = "<group>";
		};
/* End PBXGroup section */

/* Begin PBXNativeTarget section */
		DAD3D42B241AD2EE008ED5BB /* WikiSearch */ = {
			isa = PBXNativeTarget;
			buildConfigurationList = DAD3D440241AD2F1008ED5BB /* Build configuration list for PBXNativeTarget "WikiSearch" */;
			buildPhases = (
				0FCC5742D52E47CC068C62FD /* [CP] Check Pods Manifest.lock */,
				DAD3D428241AD2EE008ED5BB /* Sources */,
				DAD3D429241AD2EE008ED5BB /* Frameworks */,
				DAD3D42A241AD2EE008ED5BB /* Resources */,
				27E3D15B9CF10A963F01E7E9 /* [CP] Embed Pods Frameworks */,
			);
			buildRules = (
			);
			dependencies = (
			);
			name = WikiSearch;
			packageProductDependencies = (
			);
			productName = WikiSearch;
			productReference = DAD3D42C241AD2EE008ED5BB /* WikiSearch.app */;
			productType = "com.apple.product-type.application";
		};
/* End PBXNativeTarget section */

/* Begin PBXProject section */
		DAD3D424241AD2EE008ED5BB /* Project object */ = {
			isa = PBXProject;
			attributes = {
				LastSwiftUpdateCheck = 1140;
				LastUpgradeCheck = 1140;
				ORGANIZATIONNAME = "Sumit Ghosh";
				TargetAttributes = {
					DAD3D42B241AD2EE008ED5BB = {
						CreatedOnToolsVersion = 11.4;
					};
				};
			};
			buildConfigurationList = DAD3D427241AD2EE008ED5BB /* Build configuration list for PBXProject "WikiSearch" */;
			compatibilityVersion = "Xcode 9.3";
			developmentRegion = en;
			hasScannedForEncodings = 0;
			knownRegions = (
				en,
				Base,
			);
			mainGroup = DAD3D423241AD2EE008ED5BB;
			packageReferences = (
			);
			productRefGroup = DAD3D42D241AD2EE008ED5BB /* Products */;
			projectDirPath = "";
			projectRoot = "";
			targets = (
				DAD3D42B241AD2EE008ED5BB /* WikiSearch */,
			);
		};
/* End PBXProject section */

/* Begin PBXResourcesBuildPhase section */
		DAD3D42A241AD2EE008ED5BB /* Resources */ = {
			isa = PBXResourcesBuildPhase;
			buildActionMask = 2147483647;
			files = (
				DAD3D43C241AD2F1008ED5BB /* LaunchScreen.storyboard in Resources */,
				DAD3D439241AD2F1008ED5BB /* Assets.xcassets in Resources */,
				DAD3D437241AD2EE008ED5BB /* Main.storyboard in Resources */,
			);
			runOnlyForDeploymentPostprocessing = 0;
		};
/* End PBXResourcesBuildPhase section */

/* Begin PBXShellScriptBuildPhase section */
		0FCC5742D52E47CC068C62FD /* [CP] Check Pods Manifest.lock */ = {
			isa = PBXShellScriptBuildPhase;
			buildActionMask = 2147483647;
			files = (
			);
			inputFileListPaths = (
			);
			inputPaths = (
				"${PODS_PODFILE_DIR_PATH}/Podfile.lock",
				"${PODS_ROOT}/Manifest.lock",
			);
			name = "[CP] Check Pods Manifest.lock";
			outputFileListPaths = (
			);
			outputPaths = (
				"$(DERIVED_FILE_DIR)/Pods-WikiSearch-checkManifestLockResult.txt",
			);
			runOnlyForDeploymentPostprocessing = 0;
			shellPath = /bin/sh;
			shellScript = "diff \"${PODS_PODFILE_DIR_PATH}/Podfile.lock\" \"${PODS_ROOT}/Manifest.lock\" > /dev/null\nif [ $? != 0 ] ; then\n    # print error to STDERR\n    echo \"error: The sandbox is not in sync with the Podfile.lock. Run 'pod install' or update your CocoaPods installation.\" >&2\n    exit 1\nfi\n# This output is used by Xcode 'outputs' to avoid re-running this script phase.\necho \"SUCCESS\" > \"${SCRIPT_OUTPUT_FILE_0}\"\n";
			showEnvVarsInLog = 0;
		};
		27E3D15B9CF10A963F01E7E9 /* [CP] Embed Pods Frameworks */ = {
			isa = PBXShellScriptBuildPhase;
			buildActionMask = 2147483647;
			files = (
			);
			inputFileListPaths = (
				"${PODS_ROOT}/Target Support Files/Pods-WikiSearch/Pods-WikiSearch-frameworks-${CONFIGURATION}-input-files.xcfilelist",
			);
			name = "[CP] Embed Pods Frameworks";
			outputFileListPaths = (
				"${PODS_ROOT}/Target Support Files/Pods-WikiSearch/Pods-WikiSearch-frameworks-${CONFIGURATION}-output-files.xcfilelist",
			);
			runOnlyForDeploymentPostprocessing = 0;
			shellPath = /bin/sh;
			shellScript = "\"${PODS_ROOT}/Target Support Files/Pods-WikiSearch/Pods-WikiSearch-frameworks.sh\"\n";
			showEnvVarsInLog = 0;
		};
/* End PBXShellScriptBuildPhase section */

/* Begin PBXSourcesBuildPhase section */
		DAD3D428241AD2EE008ED5BB /* Sources */ = {
			isa = PBXSourcesBuildPhase;
			buildActionMask = 2147483647;
			files = (
				DAD3D434241AD2EE008ED5BB /* WikiSearchViewController.swift in Sources */,
				DA3F7440241B758A0096C9EE /* WikiTableViewCell.swift in Sources */,
				DA5A0CC6241E47E30010DBE3 /* RealmManager.swift in Sources */,
				DAA889D7241D661100FACEE5 /* UIImageVIew+Extension.swift in Sources */,
				DA298C84241B89F2001E4679 /* APIClient.swift in Sources */,
				DAD3D430241AD2EE008ED5BB /* AppDelegate.swift in Sources */,
				DAB8CF59241C0C3B00BAC37E /* SearchResultModel.swift in Sources */,
				DAD3D432241AD2EE008ED5BB /* SceneDelegate.swift in Sources */,
				DA5A0CC0241E3BC10010DBE3 /* UITableView+Extension.swift in Sources */,
				DACE7188241D750F00B7BDB1 /* PageDetailModel.swift in Sources */,
				DA2010FB241BF96700EBCC35 /* BaseSearchModel.swift in Sources */,
				DA91C829241E923300899C0A /* Constants.swift in Sources */,
			);
			runOnlyForDeploymentPostprocessing = 0;
		};
/* End PBXSourcesBuildPhase section */

/* Begin PBXVariantGroup section */
		DAD3D435241AD2EE008ED5BB /* Main.storyboard */ = {
			isa = PBXVariantGroup;
			children = (
				DAD3D436241AD2EE008ED5BB /* Base */,
			);
			name = Main.storyboard;
			sourceTree = "<group>";
		};
		DAD3D43A241AD2F1008ED5BB /* LaunchScreen.storyboard */ = {
			isa = PBXVariantGroup;
			children = (
				DAD3D43B241AD2F1008ED5BB /* Base */,
			);
			name = LaunchScreen.storyboard;
			sourceTree = "<group>";
		};
/* End PBXVariantGroup section */

/* Begin XCBuildConfiguration section */
		DAD3D43E241AD2F1008ED5BB /* Debug */ = {
			isa = XCBuildConfiguration;
			buildSettings = {
				ALWAYS_SEARCH_USER_PATHS = NO;
				CLANG_ANALYZER_NONNULL = YES;
				CLANG_ANALYZER_NUMBER_OBJECT_CONVERSION = YES_AGGRESSIVE;
				CLANG_CXX_LANGUAGE_STANDARD = "gnu++14";
				CLANG_CXX_LIBRARY = "libc++";
				CLANG_ENABLE_MODULES = YES;
				CLANG_ENABLE_OBJC_ARC = YES;
				CLANG_ENABLE_OBJC_WEAK = YES;
				CLANG_WARN_BLOCK_CAPTURE_AUTORELEASING = YES;
				CLANG_WARN_BOOL_CONVERSION = YES;
				CLANG_WARN_COMMA = YES;
				CLANG_WARN_CONSTANT_CONVERSION = YES;
				CLANG_WARN_DEPRECATED_OBJC_IMPLEMENTATIONS = YES;
				CLANG_WARN_DIRECT_OBJC_ISA_USAGE = YES_ERROR;
				CLANG_WARN_DOCUMENTATION_COMMENTS = YES;
				CLANG_WARN_EMPTY_BODY = YES;
				CLANG_WARN_ENUM_CONVERSION = YES;
				CLANG_WARN_INFINITE_RECURSION = YES;
				CLANG_WARN_INT_CONVERSION = YES;
				CLANG_WARN_NON_LITERAL_NULL_CONVERSION = YES;
				CLANG_WARN_OBJC_IMPLICIT_RETAIN_SELF = YES;
				CLANG_WARN_OBJC_LITERAL_CONVERSION = YES;
				CLANG_WARN_OBJC_ROOT_CLASS = YES_ERROR;
				CLANG_WARN_RANGE_LOOP_ANALYSIS = YES;
				CLANG_WARN_STRICT_PROTOTYPES = YES;
				CLANG_WARN_SUSPICIOUS_MOVE = YES;
				CLANG_WARN_UNGUARDED_AVAILABILITY = YES_AGGRESSIVE;
				CLANG_WARN_UNREACHABLE_CODE = YES;
				CLANG_WARN__DUPLICATE_METHOD_MATCH = YES;
				COPY_PHASE_STRIP = NO;
				DEBUG_INFORMATION_FORMAT = dwarf;
				ENABLE_STRICT_OBJC_MSGSEND = YES;
				ENABLE_TESTABILITY = YES;
				GCC_C_LANGUAGE_STANDARD = gnu11;
				GCC_DYNAMIC_NO_PIC = NO;
				GCC_NO_COMMON_BLOCKS = YES;
				GCC_OPTIMIZATION_LEVEL = 0;
				GCC_PREPROCESSOR_DEFINITIONS = (
					"DEBUG=1",
					"$(inherited)",
				);
				GCC_WARN_64_TO_32_BIT_CONVERSION = YES;
				GCC_WARN_ABOUT_RETURN_TYPE = YES_ERROR;
				GCC_WARN_UNDECLARED_SELECTOR = YES;
				GCC_WARN_UNINITIALIZED_AUTOS = YES_AGGRESSIVE;
				GCC_WARN_UNUSED_FUNCTION = YES;
				GCC_WARN_UNUSED_VARIABLE = YES;
				IPHONEOS_DEPLOYMENT_TARGET = 13.4;
				MTL_ENABLE_DEBUG_INFO = INCLUDE_SOURCE;
				MTL_FAST_MATH = YES;
				ONLY_ACTIVE_ARCH = YES;
				SDKROOT = iphoneos;
				SWIFT_ACTIVE_COMPILATION_CONDITIONS = DEBUG;
				SWIFT_OPTIMIZATION_LEVEL = "-Onone";
			};
			name = Debug;
		};
		DAD3D43F241AD2F1008ED5BB /* Release */ = {
			isa = XCBuildConfiguration;
			buildSettings = {
				ALWAYS_SEARCH_USER_PATHS = NO;
				CLANG_ANALYZER_NONNULL = YES;
				CLANG_ANALYZER_NUMBER_OBJECT_CONVERSION = YES_AGGRESSIVE;
				CLANG_CXX_LANGUAGE_STANDARD = "gnu++14";
				CLANG_CXX_LIBRARY = "libc++";
				CLANG_ENABLE_MODULES = YES;
				CLANG_ENABLE_OBJC_ARC = YES;
				CLANG_ENABLE_OBJC_WEAK = YES;
				CLANG_WARN_BLOCK_CAPTURE_AUTORELEASING = YES;
				CLANG_WARN_BOOL_CONVERSION = YES;
				CLANG_WARN_COMMA = YES;
				CLANG_WARN_CONSTANT_CONVERSION = YES;
				CLANG_WARN_DEPRECATED_OBJC_IMPLEMENTATIONS = YES;
				CLANG_WARN_DIRECT_OBJC_ISA_USAGE = YES_ERROR;
				CLANG_WARN_DOCUMENTATION_COMMENTS = YES;
				CLANG_WARN_EMPTY_BODY = YES;
				CLANG_WARN_ENUM_CONVERSION = YES;
				CLANG_WARN_INFINITE_RECURSION = YES;
				CLANG_WARN_INT_CONVERSION = YES;
				CLANG_WARN_NON_LITERAL_NULL_CONVERSION = YES;
				CLANG_WARN_OBJC_IMPLICIT_RETAIN_SELF = YES;
				CLANG_WARN_OBJC_LITERAL_CONVERSION = YES;
				CLANG_WARN_OBJC_ROOT_CLASS = YES_ERROR;
				CLANG_WARN_RANGE_LOOP_ANALYSIS = YES;
				CLANG_WARN_STRICT_PROTOTYPES = YES;
				CLANG_WARN_SUSPICIOUS_MOVE = YES;
				CLANG_WARN_UNGUARDED_AVAILABILITY = YES_AGGRESSIVE;
				CLANG_WARN_UNREACHABLE_CODE = YES;
				CLANG_WARN__DUPLICATE_METHOD_MATCH = YES;
				COPY_PHASE_STRIP = NO;
				DEBUG_INFORMATION_FORMAT = "dwarf-with-dsym";
				ENABLE_NS_ASSERTIONS = NO;
				ENABLE_STRICT_OBJC_MSGSEND = YES;
				GCC_C_LANGUAGE_STANDARD = gnu11;
				GCC_NO_COMMON_BLOCKS = YES;
				GCC_WARN_64_TO_32_BIT_CONVERSION = YES;
				GCC_WARN_ABOUT_RETURN_TYPE = YES_ERROR;
				GCC_WARN_UNDECLARED_SELECTOR = YES;
				GCC_WARN_UNINITIALIZED_AUTOS = YES_AGGRESSIVE;
				GCC_WARN_UNUSED_FUNCTION = YES;
				GCC_WARN_UNUSED_VARIABLE = YES;
				IPHONEOS_DEPLOYMENT_TARGET = 13.4;
				MTL_ENABLE_DEBUG_INFO = NO;
				MTL_FAST_MATH = YES;
				SDKROOT = iphoneos;
				SWIFT_COMPILATION_MODE = wholemodule;
				SWIFT_OPTIMIZATION_LEVEL = "-O";
				VALIDATE_PRODUCT = YES;
			};
			name = Release;
		};
		DAD3D441241AD2F1008ED5BB /* Debug */ = {
			isa = XCBuildConfiguration;
			baseConfigurationReference = B8F311F82FFFE68519DDDD01 /* Pods-WikiSearch.debug.xcconfig */;
			buildSettings = {
				ASSETCATALOG_COMPILER_APPICON_NAME = AppIcon;
				CODE_SIGN_STYLE = Automatic;
				INFOPLIST_FILE = WikiSearch/Info.plist;
				LD_RUNPATH_SEARCH_PATHS = (
					"$(inherited)",
					"@executable_path/Frameworks",
				);
				PRODUCT_BUNDLE_IDENTIFIER = com.sumit.ghosh.WikiSearch;
				PRODUCT_NAME = "$(TARGET_NAME)";
				SWIFT_VERSION = 5.0;
				TARGETED_DEVICE_FAMILY = "1,2";
			};
			name = Debug;
		};
		DAD3D442241AD2F1008ED5BB /* Release */ = {
			isa = XCBuildConfiguration;
			baseConfigurationReference = 01D6EE6255BC869667E47941 /* Pods-WikiSearch.release.xcconfig */;
			buildSettings = {
				ASSETCATALOG_COMPILER_APPICON_NAME = AppIcon;
				CODE_SIGN_STYLE = Automatic;
				INFOPLIST_FILE = WikiSearch/Info.plist;
				LD_RUNPATH_SEARCH_PATHS = (
					"$(inherited)",
					"@executable_path/Frameworks",
				);
				PRODUCT_BUNDLE_IDENTIFIER = com.sumit.ghosh.WikiSearch;
				PRODUCT_NAME = "$(TARGET_NAME)";
				SWIFT_VERSION = 5.0;
				TARGETED_DEVICE_FAMILY = "1,2";
			};
			name = Release;
		};
/* End XCBuildConfiguration section */

/* Begin XCConfigurationList section */
		DAD3D427241AD2EE008ED5BB /* Build configuration list for PBXProject "WikiSearch" */ = {
			isa = XCConfigurationList;
			buildConfigurations = (
				DAD3D43E241AD2F1008ED5BB /* Debug */,
				DAD3D43F241AD2F1008ED5BB /* Release */,
			);
			defaultConfigurationIsVisible = 0;
			defaultConfigurationName = Release;
		};
		DAD3D440241AD2F1008ED5BB /* Build configuration list for PBXNativeTarget "WikiSearch" */ = {
			isa = XCConfigurationList;
			buildConfigurations = (
				DAD3D441241AD2F1008ED5BB /* Debug */,
				DAD3D442241AD2F1008ED5BB /* Release */,
			);
			defaultConfigurationIsVisible = 0;
			defaultConfigurationName = Release;
		};
/* End XCConfigurationList section */
	};
	rootObject = DAD3D424241AD2EE008ED5BB /* Project object */;
}
